
Microsoft Visual Studio Solution File, Format Version 12.00
# Visual Studio Version 17
VisualStudioVersion = 17.11.35222.181
MinimumVisualStudioVersion = 10.0.40219.1
Project("{8BC9CEB8-8B4A-11D0-8D11-00A0C91BC942}") = "lesson18", "lesson18.vcxproj", "{ED67DB57-6984-411A-AD50-8DE36011C363}"
EndProject
Global
	GlobalSection(SolutionConfigurationPlatforms) = preSolution
		Debug|x64 = Debug|x64
		Debug|x86 = Debug|x86
		Release|x64 = Release|x64
		Release|x86 = Release|x86
	EndGlobalSection
	GlobalSection(ProjectConfigurationPlatforms) = postSolution
		{ED67DB57-6984-411A-AD50-8DE36011C363}.Debug|x64.ActiveCfg = Debug|x64
		{ED67DB57-6984-411A-AD50-8DE36011C363}.Debug|x64.Build.0 = Debug|x64
		{ED67DB57-6984-411A-AD50-8DE36011C363}.Debug|x86.ActiveCfg = Debug|Win32
		{ED67DB57-6984-411A-AD50-8DE36011C363}.Debug|x86.Build.0 = Debug|Win32
		{ED67DB57-6984-411A-AD50-8DE36011C363}.Release|x64.ActiveCfg = Release|x64
		{ED67DB57-6984-411A-AD50-8DE36011C363}.Release|x64.Build.0 = Release|x64
		{ED67DB57-6984-411A-AD50-8DE36011C363}.Release|x86.ActiveCfg = Release|Win32
		{ED67DB57-6984-411A-AD50-8DE36011C363}.Release|x86.Build.0 = Release|Win32
	EndGlobalSection
	GlobalSection(SolutionProperties) = preSolution
		HideSolutionNode = FALSE
	EndGlobalSection
	GlobalSection(ExtensibilityGlobals) = postSolution
		SolutionGuid = {D0E5096B-D10A-499C-B583-ADCDCE70BE8C}
	EndGlobalSection
EndGlobal
